<Solution>
  <Folder Name="/docs/">
    <File Path="../docs/tax-hub-hmrc-repo-structure.md" />
    <File Path="../docs/tax-hub-implementation-2.md" />
    <File Path="../docs/tax-hub-payloads.md" />
    <File Path="../docs/tax-hub-workplan-2.md" />
    <File Path="../README.md" />
  </Folder>
  <Folder Name="/tmp/">
    <File Path="../docs/tmp/tax-hub-spec-programme.md" />
  </Folder>
  <Project Path="HMRC.WebHarness/HMRC.WebHarness.csproj" Id="2baaf571-a20a-43a4-ad79-ce299ac00ed5" />
  <Project Path="HMRC_MTD/HMRC_MTD.csproj" Id="f467b6b1-ef18-45a0-b251-90ac7a2f9a69" DisplayName="HMRC_MTD" />
</Solution>
